// !$*UTF8*$!
{
	archiveVersion = 1;
	classes = {
	};
	objectVersion = 55;
	objects = {

/* Begin PBXBuildFile section */
		520132012924BD53000A09CE /* DashCornerView.swift in Sources */ = {isa = PBXBuildFile; fileRef = 520132002924BD53000A09CE /* DashCornerView.swift */; };
		5251975D292BB439005FCAE2 /* SecondViewController.swift in Sources */ = {isa = PBXBuildFile; fileRef = 5251975C292BB439005FCAE2 /* SecondViewController.swift */; };
		5251975F292BB443005FCAE2 /* ThirdViewController.swift in Sources */ = {isa = PBXBuildFile; fileRef = 5251975E292BB443005FCAE2 /* ThirdViewController.swift */; };
		52791EED2923635D0016B924 /* AppDelegate.swift in Sources */ = {isa = PBXBuildFile; fileRef = 52791EEC2923635D0016B924 /* AppDelegate.swift */; };
		52791EEF2923635D0016B924 /* SceneDelegate.swift in Sources */ = {isa = PBXBuildFile; fileRef = 52791EEE2923635D0016B924 /* SceneDelegate.swift */; };
		52791EF12923635D0016B924 /* ViewController.swift in Sources */ = {isa = PBXBuildFile; fileRef = 52791EF02923635D0016B924 /* ViewController.swift */; };
		52791EF42923635D0016B924 /* Main.storyboard in Resources */ = {isa = PBXBuildFile; fileRef = 52791EF22923635D0016B924 /* Main.storyboard */; };
		52791EF62923635E0016B924 /* Assets.xcassets in Resources */ = {isa = PBXBuildFile; fileRef = 52791EF52923635E0016B924 /* Assets.xcassets */; };
		52791EF92923635E0016B924 /* LaunchScreen.storyboard in Resources */ = {isa = PBXBuildFile; fileRef = 52791EF72923635E0016B924 /* LaunchScreen.storyboard */; };
		52AFBC65292C8EBB007A3B8B /* FourthViewController.swift in Sources */ = {isa = PBXBuildFile; fileRef = 52AFBC64292C8EBB007A3B8B /* FourthViewController.swift */; };
		52AFBC68292C9493007A3B8B /* ModelForThirdViewController.swift in Sources */ = {isa = PBXBuildFile; fileRef = 52AFBC67292C9493007A3B8B /* ModelForThirdViewController.swift */; };
		52AFBC6B292CB007007A3B8B /* CellForWeatherData.swift in Sources */ = {isa = PBXBuildFile; fileRef = 52AFBC69292CB007007A3B8B /* CellForWeatherData.swift */; };
		52AFBC6C292CB007007A3B8B /* CellForWeatherData.xib in Resources */ = {isa = PBXBuildFile; fileRef = 52AFBC6A292CB007007A3B8B /* CellForWeatherData.xib */; };
		52AFBC6E292CB1D1007A3B8B /* FifthViewController.swift in Sources */ = {isa = PBXBuildFile; fileRef = 52AFBC6D292CB1D1007A3B8B /* FifthViewController.swift */; };
		52AFBC70292CE69A007A3B8B /* SixthViewController.swift in Sources */ = {isa = PBXBuildFile; fileRef = 52AFBC6F292CE69A007A3B8B /* SixthViewController.swift */; };
		52AFBC73292CF645007A3B8B /* ModelForSixthViewController.swift in Sources */ = {isa = PBXBuildFile; fileRef = 52AFBC72292CF645007A3B8B /* ModelForSixthViewController.swift */; };
		52C66907292B81080044ED84 /* coffee.json in Resources */ = {isa = PBXBuildFile; fileRef = 52C66906292B81080044ED84 /* coffee.json */; };
		52C66909292B81CC0044ED84 /* glassmorphism.json in Resources */ = {isa = PBXBuildFile; fileRef = 52C66908292B81CB0044ED84 /* glassmorphism.json */; };
		52C6690B292B827D0044ED84 /* progress-bar.json in Resources */ = {isa = PBXBuildFile; fileRef = 52C6690A292B827D0044ED84 /* progress-bar.json */; };
		52C6690F292B95B20044ED84 /* CustomCell.swift in Sources */ = {isa = PBXBuildFile; fileRef = 52C6690D292B95B20044ED84 /* CustomCell.swift */; };
		52C66910292B95B20044ED84 /* CustomCell.xib in Resources */ = {isa = PBXBuildFile; fileRef = 52C6690E292B95B20044ED84 /* CustomCell.xib */; };
		52C66913292B964F0044ED84 /* Model.swift in Sources */ = {isa = PBXBuildFile; fileRef = 52C66912292B964F0044ED84 /* Model.swift */; };
		D7867D4C25286A43F54E3F64 /* Pods_Demo.framework in Frameworks */ = {isa = PBXBuildFile; fileRef = 276A54CDDBF5E12A2C245864 /* Pods_Demo.framework */; };
/* End PBXBuildFile section */

/* Begin PBXFileReference section */
		276A54CDDBF5E12A2C245864 /* Pods_Demo.framework */ = {isa = PBXFileReference; explicitFileType = wrapper.framework; includeInIndex = 0; path = Pods_Demo.framework; sourceTree = BUILT_PRODUCTS_DIR; };
		520132002924BD53000A09CE /* DashCornerView.swift */ = {isa = PBXFileReference; lastKnownFileType = sourcecode.swift; path = DashCornerView.swift; sourceTree = "<group>"; };
		5251975C292BB439005FCAE2 /* SecondViewController.swift */ = {isa = PBXFileReference; lastKnownFileType = sourcecode.swift; path = SecondViewController.swift; sourceTree = "<group>"; };
		5251975E292BB443005FCAE2 /* ThirdViewController.swift */ = {isa = PBXFileReference; lastKnownFileType = sourcecode.swift; path = ThirdViewController.swift; sourceTree = "<group>"; };
		52791EE92923635D0016B924 /* Demo.app */ = {isa = PBXFileReference; explicitFileType = wrapper.application; includeInIndex = 0; path = Demo.app; sourceTree = BUILT_PRODUCTS_DIR; };
		52791EEC2923635D0016B924 /* AppDelegate.swift */ = {isa = PBXFileReference; lastKnownFileType = sourcecode.swift; path = AppDelegate.swift; sourceTree = "<group>"; };
		52791EEE2923635D0016B924 /* SceneDelegate.swift */ = {isa = PBXFileReference; lastKnownFileType = sourcecode.swift; path = SceneDelegate.swift; sourceTree = "<group>"; };
		52791EF02923635D0016B924 /* ViewController.swift */ = {isa = PBXFileReference; lastKnownFileType = sourcecode.swift; path = ViewController.swift; sourceTree = "<group>"; };
		52791EF32923635D0016B924 /* Base */ = {isa = PBXFileReference; lastKnownFileType = file.storyboard; name = Base; path = Base.lproj/Main.storyboard; sourceTree = "<group>"; };
		52791EF52923635E0016B924 /* Assets.xcassets */ = {isa = PBXFileReference; lastKnownFileType = folder.assetcatalog; path = Assets.xcassets; sourceTree = "<group>"; };
		52791EF82923635E0016B924 /* Base */ = {isa = PBXFileReference; lastKnownFileType = file.storyboard; name = Base; path = Base.lproj/LaunchScreen.storyboard; sourceTree = "<group>"; };
		52791EFA2923635E0016B924 /* Info.plist */ = {isa = PBXFileReference; lastKnownFileType = text.plist.xml; path = Info.plist; sourceTree = "<group>"; };
		52AFBC64292C8EBB007A3B8B /* FourthViewController.swift */ = {isa = PBXFileReference; lastKnownFileType = sourcecode.swift; path = FourthViewController.swift; sourceTree = "<group>"; };
		52AFBC67292C9493007A3B8B /* ModelForThirdViewController.swift */ = {isa = PBXFileReference; lastKnownFileType = sourcecode.swift; path = ModelForThirdViewController.swift; sourceTree = "<group>"; };
		52AFBC69292CB007007A3B8B /* CellForWeatherData.swift */ = {isa = PBXFileReference; lastKnownFileType = sourcecode.swift; path = CellForWeatherData.swift; sourceTree = "<group>"; };
		52AFBC6A292CB007007A3B8B /* CellForWeatherData.xib */ = {isa = PBXFileReference; lastKnownFileType = file.xib; path = CellForWeatherData.xib; sourceTree = "<group>"; };
		52AFBC6D292CB1D1007A3B8B /* FifthViewController.swift */ = {isa = PBXFileReference; lastKnownFileType = sourcecode.swift; path = FifthViewController.swift; sourceTree = "<group>"; };
		52AFBC6F292CE69A007A3B8B /* SixthViewController.swift */ = {isa = PBXFileReference; lastKnownFileType = sourcecode.swift; path = SixthViewController.swift; sourceTree = "<group>"; };
		52AFBC72292CF645007A3B8B /* ModelForSixthViewController.swift */ = {isa = PBXFileReference; lastKnownFileType = sourcecode.swift; path = ModelForSixthViewController.swift; sourceTree = "<group>"; };
		52C66906292B81080044ED84 /* coffee.json */ = {isa = PBXFileReference; fileEncoding = 4; lastKnownFileType = text.json; path = coffee.json; sourceTree = "<group>"; };
		52C66908292B81CB0044ED84 /* glassmorphism.json */ = {isa = PBXFileReference; fileEncoding = 4; lastKnownFileType = text.json; path = glassmorphism.json; sourceTree = "<group>"; };
		52C6690A292B827D0044ED84 /* progress-bar.json */ = {isa = PBXFileReference; fileEncoding = 4; lastKnownFileType = text.json; path = "progress-bar.json"; sourceTree = "<group>"; };
		52C6690D292B95B20044ED84 /* CustomCell.swift */ = {isa = PBXFileReference; lastKnownFileType = sourcecode.swift; path = CustomCell.swift; sourceTree = "<group>"; };
		52C6690E292B95B20044ED84 /* CustomCell.xib */ = {isa = PBXFileReference; lastKnownFileType = file.xib; path = CustomCell.xib; sourceTree = "<group>"; };
		52C66912292B964F0044ED84 /* Model.swift */ = {isa = PBXFileReference; lastKnownFileType = sourcecode.swift; path = Model.swift; sourceTree = "<group>"; };
		902932EB6DB4BD8FB5613DB8 /* Pods-Demo.debug.xcconfig */ = {isa = PBXFileReference; includeInIndex = 1; lastKnownFileType = text.xcconfig; name = "Pods-Demo.debug.xcconfig"; path = "Target Support Files/Pods-Demo/Pods-Demo.debug.xcconfig"; sourceTree = "<group>"; };
		C005E7018310D489E4E29997 /* Pods-Demo.release.xcconfig */ = {isa = PBXFileReference; includeInIndex = 1; lastKnownFileType = text.xcconfig; name = "Pods-Demo.release.xcconfig"; path = "Target Support Files/Pods-Demo/Pods-Demo.release.xcconfig"; sourceTree = "<group>"; };
/* End PBXFileReference section */

/* Begin PBXFrameworksBuildPhase section */
		52791EE62923635D0016B924 /* Frameworks */ = {
			isa = PBXFrameworksBuildPhase;
			buildActionMask = 2147483647;
			files = (
				D7867D4C25286A43F54E3F64 /* Pods_Demo.framework in Frameworks */,
			);
			runOnlyForDeploymentPostprocessing = 0;
		};
/* End PBXFrameworksBuildPhase section */

/* Begin PBXGroup section */
		0E9690DF3E35591405540273 /* Pods */ = {
			isa = PBXGroup;
			children = (
				902932EB6DB4BD8FB5613DB8 /* Pods-Demo.debug.xcconfig */,
				C005E7018310D489E4E29997 /* Pods-Demo.release.xcconfig */,
			);
			path = Pods;
			sourceTree = "<group>";
		};
		52519759292BA72C005FCAE2 /* Controller */ = {
			isa = PBXGroup;
			children = (
				52791EF02923635D0016B924 /* ViewController.swift */,
				5251975C292BB439005FCAE2 /* SecondViewController.swift */,
				5251975E292BB443005FCAE2 /* ThirdViewController.swift */,
				52AFBC64292C8EBB007A3B8B /* FourthViewController.swift */,
				52AFBC6D292CB1D1007A3B8B /* FifthViewController.swift */,
				52AFBC6F292CE69A007A3B8B /* SixthViewController.swift */,
			);
			path = Controller;
			sourceTree = "<group>";
		};
		5251975A292BA733005FCAE2 /* View */ = {
			isa = PBXGroup;
			children = (
				52791EF22923635D0016B924 /* Main.storyboard */,
			);
			path = View;
			sourceTree = "<group>";
		};
		5251975B292BA741005FCAE2 /* Additional */ = {
			isa = PBXGroup;
			children = (
				520132002924BD53000A09CE /* DashCornerView.swift */,
				52791EEC2923635D0016B924 /* AppDelegate.swift */,
				52791EEE2923635D0016B924 /* SceneDelegate.swift */,
				52791EF52923635E0016B924 /* Assets.xcassets */,
				52791EF72923635E0016B924 /* LaunchScreen.storyboard */,
			);
			path = Additional;
			sourceTree = "<group>";
		};
		52791EE02923635D0016B924 = {
			isa = PBXGroup;
			children = (
				52791EEB2923635D0016B924 /* Demo */,
				52791EEA2923635D0016B924 /* Products */,
				0E9690DF3E35591405540273 /* Pods */,
				EB3023E8D8BEE70B0FC9748B /* Frameworks */,
			);
			sourceTree = "<group>";
		};
		52791EEA2923635D0016B924 /* Products */ = {
			isa = PBXGroup;
			children = (
				52791EE92923635D0016B924 /* Demo.app */,
			);
			name = Products;
			sourceTree = "<group>";
		};
		52791EEB2923635D0016B924 /* Demo */ = {
			isa = PBXGroup;
			children = (
				5251975B292BA741005FCAE2 /* Additional */,
				52C66911292B96450044ED84 /* Model */,
				5251975A292BA733005FCAE2 /* View */,
				52519759292BA72C005FCAE2 /* Controller */,
				52C6690C292B959B0044ED84 /* Cell */,
				52C66906292B81080044ED84 /* coffee.json */,
				52C66908292B81CB0044ED84 /* glassmorphism.json */,
				52C6690A292B827D0044ED84 /* progress-bar.json */,
				52791EFA2923635E0016B924 /* Info.plist */,
			);
			path = Demo;
			sourceTree = "<group>";
		};
		52C6690C292B959B0044ED84 /* Cell */ = {
			isa = PBXGroup;
			children = (
				52C6690D292B95B20044ED84 /* CustomCell.swift */,
				52C6690E292B95B20044ED84 /* CustomCell.xib */,
				52AFBC69292CB007007A3B8B /* CellForWeatherData.swift */,
				52AFBC6A292CB007007A3B8B /* CellForWeatherData.xib */,
			);
			path = Cell;
			sourceTree = "<group>";
		};
		52C66911292B96450044ED84 /* Model */ = {
			isa = PBXGroup;
			children = (
				52C66912292B964F0044ED84 /* Model.swift */,
				52AFBC67292C9493007A3B8B /* ModelForThirdViewController.swift */,
				52AFBC72292CF645007A3B8B /* ModelForSixthViewController.swift */,
			);
			path = Model;
			sourceTree = "<group>";
		};
		EB3023E8D8BEE70B0FC9748B /* Frameworks */ = {
			isa = PBXGroup;
			children = (
				276A54CDDBF5E12A2C245864 /* Pods_Demo.framework */,
			);
			name = Frameworks;
			sourceTree = "<group>";
		};
/* End PBXGroup section */

/* Begin PBXNativeTarget section */
		52791EE82923635D0016B924 /* Demo */ = {
			isa = PBXNativeTarget;
			buildConfigurationList = 52791EFD2923635E0016B924 /* Build configuration list for PBXNativeTarget "Demo" */;
			buildPhases = (
				D5E3BD5F28E27070AFB27CEE /* [CP] Check Pods Manifest.lock */,
				52791EE52923635D0016B924 /* Sources */,
				52791EE62923635D0016B924 /* Frameworks */,
				52791EE72923635D0016B924 /* Resources */,
				BC0C02605DA3025BAD50DA59 /* [CP] Embed Pods Frameworks */,
			);
			buildRules = (
			);
			dependencies = (
			);
			name = Demo;
			productName = Demo;
			productReference = 52791EE92923635D0016B924 /* Demo.app */;
			productType = "com.apple.product-type.application";
		};
/* End PBXNativeTarget section */

/* Begin PBXProject section */
		52791EE12923635D0016B924 /* Project object */ = {
			isa = PBXProject;
			attributes = {
				BuildIndependentTargetsInParallel = 1;
				LastSwiftUpdateCheck = 1340;
				LastUpgradeCheck = 1340;
				TargetAttributes = {
					52791EE82923635D0016B924 = {
						CreatedOnToolsVersion = 13.4.1;
					};
				};
			};
			buildConfigurationList = 52791EE42923635D0016B924 /* Build configuration list for PBXProject "Demo" */;
			compatibilityVersion = "Xcode 13.0";
			developmentRegion = en;
			hasScannedForEncodings = 0;
			knownRegions = (
				en,
				Base,
			);
			mainGroup = 52791EE02923635D0016B924;
			productRefGroup = 52791EEA2923635D0016B924 /* Products */;
			projectDirPath = "";
			projectRoot = "";
			targets = (
				52791EE82923635D0016B924 /* Demo */,
			);
		};
/* End PBXProject section */

/* Begin PBXResourcesBuildPhase section */
		52791EE72923635D0016B924 /* Resources */ = {
			isa = PBXResourcesBuildPhase;
			buildActionMask = 2147483647;
			files = (
				52AFBC6C292CB007007A3B8B /* CellForWeatherData.xib in Resources */,
				52C6690B292B827D0044ED84 /* progress-bar.json in Resources */,
				52791EF92923635E0016B924 /* LaunchScreen.storyboard in Resources */,
				52C66910292B95B20044ED84 /* CustomCell.xib in Resources */,
				52791EF62923635E0016B924 /* Assets.xcassets in Resources */,
				52C66909292B81CC0044ED84 /* glassmorphism.json in Resources */,
				52791EF42923635D0016B924 /* Main.storyboard in Resources */,
				52C66907292B81080044ED84 /* coffee.json in Resources */,
			);
			runOnlyForDeploymentPostprocessing = 0;
		};
/* End PBXResourcesBuildPhase section */

/* Begin PBXShellScriptBuildPhase section */
		BC0C02605DA3025BAD50DA59 /* [CP] Embed Pods Frameworks */ = {
			isa = PBXShellScriptBuildPhase;
			buildActionMask = 2147483647;
			files = (
			);
			inputFileListPaths = (
				"${PODS_ROOT}/Target Support Files/Pods-Demo/Pods-Demo-frameworks-${CONFIGURATION}-input-files.xcfilelist",
			);
			name = "[CP] Embed Pods Frameworks";
			outputFileListPaths = (
				"${PODS_ROOT}/Target Support Files/Pods-Demo/Pods-Demo-frameworks-${CONFIGURATION}-output-files.xcfilelist",
			);
			runOnlyForDeploymentPostprocessing = 0;
			shellPath = /bin/sh;
			shellScript = "\"${PODS_ROOT}/Target Support Files/Pods-Demo/Pods-Demo-frameworks.sh\"\n";
			showEnvVarsInLog = 0;
		};
		D5E3BD5F28E27070AFB27CEE /* [CP] Check Pods Manifest.lock */ = {
			isa = PBXShellScriptBuildPhase;
			buildActionMask = 2147483647;
			files = (
			);
			inputFileListPaths = (
			);
			inputPaths = (
				"${PODS_PODFILE_DIR_PATH}/Podfile.lock",
				"${PODS_ROOT}/Manifest.lock",
			);
			name = "[CP] Check Pods Manifest.lock";
			outputFileListPaths = (
			);
			outputPaths = (
				"$(DERIVED_FILE_DIR)/Pods-Demo-checkManifestLockResult.txt",
			);
			runOnlyForDeploymentPostprocessing = 0;
			shellPath = /bin/sh;
			shellScript = "diff \"${PODS_PODFILE_DIR_PATH}/Podfile.lock\" \"${PODS_ROOT}/Manifest.lock\" > /dev/null\nif [ $? != 0 ] ; then\n    # print error to STDERR\n    echo \"error: The sandbox is not in sync with the Podfile.lock. Run 'pod install' or update your CocoaPods installation.\" >&2\n    exit 1\nfi\n# This output is used by Xcode 'outputs' to avoid re-running this script phase.\necho \"SUCCESS\" > \"${SCRIPT_OUTPUT_FILE_0}\"\n";
			showEnvVarsInLog = 0;
		};
/* End PBXShellScriptBuildPhase section */

/* Begin PBXSourcesBuildPhase section */
		52791EE52923635D0016B924 /* Sources */ = {
			isa = PBXSourcesBuildPhase;
			buildActionMask = 2147483647;
			files = (
				52AFBC70292CE69A007A3B8B /* SixthViewController.swift in Sources */,
				52AFBC6E292CB1D1007A3B8B /* FifthViewController.swift in Sources */,
				52791EF12923635D0016B924 /* ViewController.swift in Sources */,
				52791EED2923635D0016B924 /* AppDelegate.swift in Sources */,
				52AFBC68292C9493007A3B8B /* ModelForThirdViewController.swift in Sources */,
				52C6690F292B95B20044ED84 /* CustomCell.swift in Sources */,
				52AFBC65292C8EBB007A3B8B /* FourthViewController.swift in Sources */,
				52AFBC73292CF645007A3B8B /* ModelForSixthViewController.swift in Sources */,
				52AFBC6B292CB007007A3B8B /* CellForWeatherData.swift in Sources */,
				52C66913292B964F0044ED84 /* Model.swift in Sources */,
				5251975D292BB439005FCAE2 /* SecondViewController.swift in Sources */,
				52791EEF2923635D0016B924 /* SceneDelegate.swift in Sources */,
				5251975F292BB443005FCAE2 /* ThirdViewController.swift in Sources */,
				520132012924BD53000A09CE /* DashCornerView.swift in Sources */,
			);
			runOnlyForDeploymentPostprocessing = 0;
		};
/* End PBXSourcesBuildPhase section */

/* Begin PBXVariantGroup section */
		52791EF22923635D0016B924 /* Main.storyboard */ = {
			isa = PBXVariantGroup;
			children = (
				52791EF32923635D0016B924 /* Base */,
			);
			name = Main.storyboard;
			sourceTree = "<group>";
		};
		52791EF72923635E0016B924 /* LaunchScreen.storyboard */ = {
			isa = PBXVariantGroup;
			children = (
				52791EF82923635E0016B924 /* Base */,
			);
			name = LaunchScreen.storyboard;
			sourceTree = "<group>";
		};
/* End PBXVariantGroup section */

/* Begin XCBuildConfiguration section */
		52791EFB2923635E0016B924 /* Debug */ = {
			isa = XCBuildConfiguration;
			buildSettings = {
				ALWAYS_SEARCH_USER_PATHS = NO;
				CLANG_ANALYZER_NONNULL = YES;
				CLANG_ANALYZER_NUMBER_OBJECT_CONVERSION = YES_AGGRESSIVE;
				CLANG_CXX_LANGUAGE_STANDARD = "gnu++17";
				CLANG_ENABLE_MODULES = YES;
				CLANG_ENABLE_OBJC_ARC = YES;
				CLANG_ENABLE_OBJC_WEAK = YES;
				CLANG_WARN_BLOCK_CAPTURE_AUTORELEASING = YES;
				CLANG_WARN_BOOL_CONVERSION = YES;
				CLANG_WARN_COMMA = YES;
				CLANG_WARN_CONSTANT_CONVERSION = YES;
				CLANG_WARN_DEPRECATED_OBJC_IMPLEMENTATIONS = YES;
				CLANG_WARN_DIRECT_OBJC_ISA_USAGE = YES_ERROR;
				CLANG_WARN_DOCUMENTATION_COMMENTS = YES;
				CLANG_WARN_EMPTY_BODY = YES;
				CLANG_WARN_ENUM_CONVERSION = YES;
				CLANG_WARN_INFINITE_RECURSION = YES;
				CLANG_WARN_INT_CONVERSION = YES;
				CLANG_WARN_NON_LITERAL_NULL_CONVERSION = YES;
				CLANG_WARN_OBJC_IMPLICIT_RETAIN_SELF = YES;
				CLANG_WARN_OBJC_LITERAL_CONVERSION = YES;
				CLANG_WARN_OBJC_ROOT_CLASS = YES_ERROR;
				CLANG_WARN_QUOTED_INCLUDE_IN_FRAMEWORK_HEADER = YES;
				CLANG_WARN_RANGE_LOOP_ANALYSIS = YES;
				CLANG_WARN_STRICT_PROTOTYPES = YES;
				CLANG_WARN_SUSPICIOUS_MOVE = YES;
				CLANG_WARN_UNGUARDED_AVAILABILITY = YES_AGGRESSIVE;
				CLANG_WARN_UNREACHABLE_CODE = YES;
				CLANG_WARN__DUPLICATE_METHOD_MATCH = YES;
				COPY_PHASE_STRIP = NO;
				DEBUG_INFORMATION_FORMAT = dwarf;
				ENABLE_STRICT_OBJC_MSGSEND = YES;
				ENABLE_TESTABILITY = YES;
				GCC_C_LANGUAGE_STANDARD = gnu11;
				GCC_DYNAMIC_NO_PIC = NO;
				GCC_NO_COMMON_BLOCKS = YES;
				GCC_OPTIMIZATION_LEVEL = 0;
				GCC_PREPROCESSOR_DEFINITIONS = (
					"DEBUG=1",
					"$(inherited)",
				);
				GCC_WARN_64_TO_32_BIT_CONVERSION = YES;
				GCC_WARN_ABOUT_RETURN_TYPE = YES_ERROR;
				GCC_WARN_UNDECLARED_SELECTOR = YES;
				GCC_WARN_UNINITIALIZED_AUTOS = YES_AGGRESSIVE;
				GCC_WARN_UNUSED_FUNCTION = YES;
				GCC_WARN_UNUSED_VARIABLE = YES;
				IPHONEOS_DEPLOYMENT_TARGET = 15.5;
				MTL_ENABLE_DEBUG_INFO = INCLUDE_SOURCE;
				MTL_FAST_MATH = YES;
				ONLY_ACTIVE_ARCH = YES;
				SDKROOT = iphoneos;
				SWIFT_ACTIVE_COMPILATION_CONDITIONS = DEBUG;
				SWIFT_OPTIMIZATION_LEVEL = "-Onone";
			};
			name = Debug;
		};
		52791EFC2923635E0016B924 /* Release */ = {
			isa = XCBuildConfiguration;
			buildSettings = {
				ALWAYS_SEARCH_USER_PATHS = NO;
				CLANG_ANALYZER_NONNULL = YES;
				CLANG_ANALYZER_NUMBER_OBJECT_CONVERSION = YES_AGGRESSIVE;
				CLANG_CXX_LANGUAGE_STANDARD = "gnu++17";
				CLANG_ENABLE_MODULES = YES;
				CLANG_ENABLE_OBJC_ARC = YES;
				CLANG_ENABLE_OBJC_WEAK = YES;
				CLANG_WARN_BLOCK_CAPTURE_AUTORELEASING = YES;
				CLANG_WARN_BOOL_CONVERSION = YES;
				CLANG_WARN_COMMA = YES;
				CLANG_WARN_CONSTANT_CONVERSION = YES;
				CLANG_WARN_DEPRECATED_OBJC_IMPLEMENTATIONS = YES;
				CLANG_WARN_DIRECT_OBJC_ISA_USAGE = YES_ERROR;
				CLANG_WARN_DOCUMENTATION_COMMENTS = YES;
				CLANG_WARN_EMPTY_BODY = YES;
				CLANG_WARN_ENUM_CONVERSION = YES;
				CLANG_WARN_INFINITE_RECURSION = YES;
				CLANG_WARN_INT_CONVERSION = YES;
				CLANG_WARN_NON_LITERAL_NULL_CONVERSION = YES;
				CLANG_WARN_OBJC_IMPLICIT_RETAIN_SELF = YES;
				CLANG_WARN_OBJC_LITERAL_CONVERSION = YES;
				CLANG_WARN_OBJC_ROOT_CLASS = YES_ERROR;
				CLANG_WARN_QUOTED_INCLUDE_IN_FRAMEWORK_HEADER = YES;
				CLANG_WARN_RANGE_LOOP_ANALYSIS = YES;
				CLANG_WARN_STRICT_PROTOTYPES = YES;
				CLANG_WARN_SUSPICIOUS_MOVE = YES;
				CLANG_WARN_UNGUARDED_AVAILABILITY = YES_AGGRESSIVE;
				CLANG_WARN_UNREACHABLE_CODE = YES;
				CLANG_WARN__DUPLICATE_METHOD_MATCH = YES;
				COPY_PHASE_STRIP = NO;
				DEBUG_INFORMATION_FORMAT = "dwarf-with-dsym";
				ENABLE_NS_ASSERTIONS = NO;
				ENABLE_STRICT_OBJC_MSGSEND = YES;
				GCC_C_LANGUAGE_STANDARD = gnu11;
				GCC_NO_COMMON_BLOCKS = YES;
				GCC_WARN_64_TO_32_BIT_CONVERSION = YES;
				GCC_WARN_ABOUT_RETURN_TYPE = YES_ERROR;
				GCC_WARN_UNDECLARED_SELECTOR = YES;
				GCC_WARN_UNINITIALIZED_AUTOS = YES_AGGRESSIVE;
				GCC_WARN_UNUSED_FUNCTION = YES;
				GCC_WARN_UNUSED_VARIABLE = YES;
				IPHONEOS_DEPLOYMENT_TARGET = 15.5;
				MTL_ENABLE_DEBUG_INFO = NO;
				MTL_FAST_MATH = YES;
				SDKROOT = iphoneos;
				SWIFT_COMPILATION_MODE = wholemodule;
				SWIFT_OPTIMIZATION_LEVEL = "-O";
				VALIDATE_PRODUCT = YES;
			};
			name = Release;
		};
		52791EFE2923635E0016B924 /* Debug */ = {
			isa = XCBuildConfiguration;
			baseConfigurationReference = 902932EB6DB4BD8FB5613DB8 /* Pods-Demo.debug.xcconfig */;
			buildSettings = {
				ASSETCATALOG_COMPILER_APPICON_NAME = AppIcon;
				ASSETCATALOG_COMPILER_GLOBAL_ACCENT_COLOR_NAME = AccentColor;
				CODE_SIGN_STYLE = Automatic;
				CURRENT_PROJECT_VERSION = 1;
				DEVELOPMENT_TEAM = KFSUX4TS86;
				GENERATE_INFOPLIST_FILE = YES;
				INFOPLIST_FILE = Demo/Info.plist;
				INFOPLIST_KEY_UIApplicationSupportsIndirectInputEvents = YES;
				INFOPLIST_KEY_UILaunchStoryboardName = LaunchScreen;
				INFOPLIST_KEY_UIMainStoryboardFile = Main;
				INFOPLIST_KEY_UISupportedInterfaceOrientations_iPad = "UIInterfaceOrientationPortrait UIInterfaceOrientationPortraitUpsideDown UIInterfaceOrientationLandscapeLeft UIInterfaceOrientationLandscapeRight";
				INFOPLIST_KEY_UISupportedInterfaceOrientations_iPhone = "UIInterfaceOrientationPortrait UIInterfaceOrientationLandscapeLeft UIInterfaceOrientationLandscapeRight";
				LD_RUNPATH_SEARCH_PATHS = (
					"$(inherited)",
					"@executable_path/Frameworks",
				);
				MARKETING_VERSION = 1.0;
				PRODUCT_BUNDLE_IDENTIFIER = Apptix.Demo;
				PRODUCT_NAME = "$(TARGET_NAME)";
				SWIFT_EMIT_LOC_STRINGS = YES;
				SWIFT_VERSION = 5.0;
				TARGETED_DEVICE_FAMILY = "1,2";
			};
			name = Debug;
		};
		52791EFF2923635E0016B924 /* Release */ = {
			isa = XCBuildConfiguration;
			baseConfigurationReference = C005E7018310D489E4E29997 /* Pods-Demo.release.xcconfig */;
			buildSettings = {
				ASSETCATALOG_COMPILER_APPICON_NAME = AppIcon;
				ASSETCATALOG_COMPILER_GLOBAL_ACCENT_COLOR_NAME = AccentColor;
				CODE_SIGN_STYLE = Automatic;
				CURRENT_PROJECT_VERSION = 1;
				DEVELOPMENT_TEAM = KFSUX4TS86;
				GENERATE_INFOPLIST_FILE = YES;
				INFOPLIST_FILE = Demo/Info.plist;
				INFOPLIST_KEY_UIApplicationSupportsIndirectInputEvents = YES;
				INFOPLIST_KEY_UILaunchStoryboardName = LaunchScreen;
				INFOPLIST_KEY_UIMainStoryboardFile = Main;
				INFOPLIST_KEY_UISupportedInterfaceOrientations_iPad = "UIInterfaceOrientationPortrait UIInterfaceOrientationPortraitUpsideDown UIInterfaceOrientationLandscapeLeft UIInterfaceOrientationLandscapeRight";
				INFOPLIST_KEY_UISupportedInterfaceOrientations_iPhone = "UIInterfaceOrientationPortrait UIInterfaceOrientationLandscapeLeft UIInterfaceOrientationLandscapeRight";
				LD_RUNPATH_SEARCH_PATHS = (
					"$(inherited)",
					"@executable_path/Frameworks",
				);
				MARKETING_VERSION = 1.0;
				PRODUCT_BUNDLE_IDENTIFIER = Apptix.Demo;
				PRODUCT_NAME = "$(TARGET_NAME)";
				SWIFT_EMIT_LOC_STRINGS = YES;
				SWIFT_VERSION = 5.0;
				TARGETED_DEVICE_FAMILY = "1,2";
			};
			name = Release;
		};
/* End XCBuildConfiguration section */

/* Begin XCConfigurationList section */
		52791EE42923635D0016B924 /* Build configuration list for PBXProject "Demo" */ = {
			isa = XCConfigurationList;
			buildConfigurations = (
				52791EFB2923635E0016B924 /* Debug */,
				52791EFC2923635E0016B924 /* Release */,
			);
			defaultConfigurationIsVisible = 0;
			defaultConfigurationName = Release;
		};
		52791EFD2923635E0016B924 /* Build configuration list for PBXNativeTarget "Demo" */ = {
			isa = XCConfigurationList;
			buildConfigurations = (
				52791EFE2923635E0016B924 /* Debug */,
				52791EFF2923635E0016B924 /* Release */,
			);
			defaultConfigurationIsVisible = 0;
			defaultConfigurationName = Release;
		};
/* End XCConfigurationList section */
	};
	rootObject = 52791EE12923635D0016B924 /* Project object */;
}
